// !$*UTF8*$!
{
	archiveVersion = 1;
	classes = {
	};
	objectVersion = 56;
	objects = {

/* Begin PBXBuildFile section */
		F3682E4E2C2E936800616EC1 /* WhatsApp_CloneApp.swift in Sources */ = {isa = PBXBuildFile; fileRef = F3682E4D2C2E936800616EC1 /* WhatsApp_CloneApp.swift */; };
		F3682E502C2E936800616EC1 /* ContentView.swift in Sources */ = {isa = PBXBuildFile; fileRef = F3682E4F2C2E936800616EC1 /* ContentView.swift */; };
		F3682E522C2E936A00616EC1 /* Assets.xcassets in Resources */ = {isa = PBXBuildFile; fileRef = F3682E512C2E936A00616EC1 /* Assets.xcassets */; };
		F3682E552C2E936A00616EC1 /* Preview Assets.xcassets in Resources */ = {isa = PBXBuildFile; fileRef = F3682E542C2E936A00616EC1 /* Preview Assets.xcassets */; };
		F3682E5F2C2E936B00616EC1 /* WhatsApp_CloneTests.swift in Sources */ = {isa = PBXBuildFile; fileRef = F3682E5E2C2E936B00616EC1 /* WhatsApp_CloneTests.swift */; };
		F3682E692C2E936B00616EC1 /* WhatsApp_CloneUITests.swift in Sources */ = {isa = PBXBuildFile; fileRef = F3682E682C2E936B00616EC1 /* WhatsApp_CloneUITests.swift */; };
		F3682E6B2C2E936B00616EC1 /* WhatsApp_CloneUITestsLaunchTests.swift in Sources */ = {isa = PBXBuildFile; fileRef = F3682E6A2C2E936B00616EC1 /* WhatsApp_CloneUITestsLaunchTests.swift */; };
/* End PBXBuildFile section */

/* Begin PBXContainerItemProxy section */
		F3682E5B2C2E936B00616EC1 /* PBXContainerItemProxy */ = {
			isa = PBXContainerItemProxy;
			containerPortal = F3682E422C2E936800616EC1 /* Project object */;
			proxyType = 1;
			remoteGlobalIDString = F3682E492C2E936800616EC1;
			remoteInfo = "WhatsApp Clone";
		};
		F3682E652C2E936B00616EC1 /* PBXContainerItemProxy */ = {
			isa = PBXContainerItemProxy;
			containerPortal = F3682E422C2E936800616EC1 /* Project object */;
			proxyType = 1;
			remoteGlobalIDString = F3682E492C2E936800616EC1;
			remoteInfo = "WhatsApp Clone";
		};
/* End PBXContainerItemProxy section */

/* Begin PBXFileReference section */
		F3682E4A2C2E936800616EC1 /* WhatsApp Clone.app */ = {isa = PBXFileReference; explicitFileType = wrapper.application; includeInIndex = 0; path = "WhatsApp Clone.app"; sourceTree = BUILT_PRODUCTS_DIR; };
		F3682E4D2C2E936800616EC1 /* WhatsApp_CloneApp.swift */ = {isa = PBXFileReference; lastKnownFileType = sourcecode.swift; path = WhatsApp_CloneApp.swift; sourceTree = "<group>"; };
		F3682E4F2C2E936800616EC1 /* ContentView.swift */ = {isa = PBXFileReference; lastKnownFileType = sourcecode.swift; path = ContentView.swift; sourceTree = "<group>"; };
		F3682E512C2E936A00616EC1 /* Assets.xcassets */ = {isa = PBXFileReference; lastKnownFileType = folder.assetcatalog; path = Assets.xcassets; sourceTree = "<group>"; };
		F3682E542C2E936A00616EC1 /* Preview Assets.xcassets */ = {isa = PBXFileReference; lastKnownFileType = folder.assetcatalog; path = "Preview Assets.xcassets"; sourceTree = "<group>"; };
		F3682E5A2C2E936B00616EC1 /* WhatsApp CloneTests.xctest */ = {isa = PBXFileReference; explicitFileType = wrapper.cfbundle; includeInIndex = 0; path = "WhatsApp CloneTests.xctest"; sourceTree = BUILT_PRODUCTS_DIR; };
		F3682E5E2C2E936B00616EC1 /* WhatsApp_CloneTests.swift */ = {isa = PBXFileReference; lastKnownFileType = sourcecode.swift; path = WhatsApp_CloneTests.swift; sourceTree = "<group>"; };
		F3682E642C2E936B00616EC1 /* WhatsApp CloneUITests.xctest */ = {isa = PBXFileReference; explicitFileType = wrapper.cfbundle; includeInIndex = 0; path = "WhatsApp CloneUITests.xctest"; sourceTree = BUILT_PRODUCTS_DIR; };
		F3682E682C2E936B00616EC1 /* WhatsApp_CloneUITests.swift */ = {isa = PBXFileReference; lastKnownFileType = sourcecode.swift; path = WhatsApp_CloneUITests.swift; sourceTree = "<group>"; };
		F3682E6A2C2E936B00616EC1 /* WhatsApp_CloneUITestsLaunchTests.swift */ = {isa = PBXFileReference; lastKnownFileType = sourcecode.swift; path = WhatsApp_CloneUITestsLaunchTests.swift; sourceTree = "<group>"; };
/* End PBXFileReference section */

/* Begin PBXFrameworksBuildPhase section */
		F3682E472C2E936800616EC1 /* Frameworks */ = {
			isa = PBXFrameworksBuildPhase;
			buildActionMask = 2147483647;
			files = (
			);
			runOnlyForDeploymentPostprocessing = 0;
		};
		F3682E572C2E936B00616EC1 /* Frameworks */ = {
			isa = PBXFrameworksBuildPhase;
			buildActionMask = 2147483647;
			files = (
			);
			runOnlyForDeploymentPostprocessing = 0;
		};
		F3682E612C2E936B00616EC1 /* Frameworks */ = {
			isa = PBXFrameworksBuildPhase;
			buildActionMask = 2147483647;
			files = (
			);
			runOnlyForDeploymentPostprocessing = 0;
		};
/* End PBXFrameworksBuildPhase section */

/* Begin PBXGroup section */
		F3682E412C2E936800616EC1 = {
			isa = PBXGroup;
			children = (
				F3682E4C2C2E936800616EC1 /* WhatsApp Clone */,
				F3682E5D2C2E936B00616EC1 /* WhatsApp CloneTests */,
				F3682E672C2E936B00616EC1 /* WhatsApp CloneUITests */,
				F3682E4B2C2E936800616EC1 /* Products */,
			);
			sourceTree = "<group>";
		};
		F3682E4B2C2E936800616EC1 /* Products */ = {
			isa = PBXGroup;
			children = (
				F3682E4A2C2E936800616EC1 /* WhatsApp Clone.app */,
				F3682E5A2C2E936B00616EC1 /* WhatsApp CloneTests.xctest */,
				F3682E642C2E936B00616EC1 /* WhatsApp CloneUITests.xctest */,
			);
			name = Products;
			sourceTree = "<group>";
		};
		F3682E4C2C2E936800616EC1 /* WhatsApp Clone */ = {
			isa = PBXGroup;
			children = (
				F3682E4D2C2E936800616EC1 /* WhatsApp_CloneApp.swift */,
				F3682E4F2C2E936800616EC1 /* ContentView.swift */,
				F3682E512C2E936A00616EC1 /* Assets.xcassets */,
				F3682E532C2E936A00616EC1 /* Preview Content */,
			);
			path = "WhatsApp Clone";
			sourceTree = "<group>";
		};
		F3682E532C2E936A00616EC1 /* Preview Content */ = {
			isa = PBXGroup;
			children = (
				F3682E542C2E936A00616EC1 /* Preview Assets.xcassets */,
			);
			path = "Preview Content";
			sourceTree = "<group>";
		};
		F3682E5D2C2E936B00616EC1 /* WhatsApp CloneTests */ = {
			isa = PBXGroup;
			children = (
				F3682E5E2C2E936B00616EC1 /* WhatsApp_CloneTests.swift */,
			);
			path = "WhatsApp CloneTests";
			sourceTree = "<group>";
		};
		F3682E672C2E936B00616EC1 /* WhatsApp CloneUITests */ = {
			isa = PBXGroup;
			children = (
				F3682E682C2E936B00616EC1 /* WhatsApp_CloneUITests.swift */,
				F3682E6A2C2E936B00616EC1 /* WhatsApp_CloneUITestsLaunchTests.swift */,
			);
			path = "WhatsApp CloneUITests";
			sourceTree = "<group>";
		};
/* End PBXGroup section */

/* Begin PBXNativeTarget section */
		F3682E492C2E936800616EC1 /* WhatsApp Clone */ = {
			isa = PBXNativeTarget;
			buildConfigurationList = F3682E6E2C2E936B00616EC1 /* Build configuration list for PBXNativeTarget "WhatsApp Clone" */;
			buildPhases = (
				F3682E462C2E936800616EC1 /* Sources */,
				F3682E472C2E936800616EC1 /* Frameworks */,
				F3682E482C2E936800616EC1 /* Resources */,
			);
			buildRules = (
			);
			dependencies = (
			);
			name = "WhatsApp Clone";
			productName = "WhatsApp Clone";
			productReference = F3682E4A2C2E936800616EC1 /* WhatsApp Clone.app */;
			productType = "com.apple.product-type.application";
		};
		F3682E592C2E936B00616EC1 /* WhatsApp CloneTests */ = {
			isa = PBXNativeTarget;
			buildConfigurationList = F3682E712C2E936B00616EC1 /* Build configuration list for PBXNativeTarget "WhatsApp CloneTests" */;
			buildPhases = (
				F3682E562C2E936B00616EC1 /* Sources */,
				F3682E572C2E936B00616EC1 /* Frameworks */,
				F3682E582C2E936B00616EC1 /* Resources */,
			);
			buildRules = (
			);
			dependencies = (
				F3682E5C2C2E936B00616EC1 /* PBXTargetDependency */,
			);
			name = "WhatsApp CloneTests";
			productName = "WhatsApp CloneTests";
			productReference = F3682E5A2C2E936B00616EC1 /* WhatsApp CloneTests.xctest */;
			productType = "com.apple.product-type.bundle.unit-test";
		};
		F3682E632C2E936B00616EC1 /* WhatsApp CloneUITests */ = {
			isa = PBXNativeTarget;
			buildConfigurationList = F3682E742C2E936B00616EC1 /* Build configuration list for PBXNativeTarget "WhatsApp CloneUITests" */;
			buildPhases = (
				F3682E602C2E936B00616EC1 /* Sources */,
				F3682E612C2E936B00616EC1 /* Frameworks */,
				F3682E622C2E936B00616EC1 /* Resources */,
			);
			buildRules = (
			);
			dependencies = (
				F3682E662C2E936B00616EC1 /* PBXTargetDependency */,
			);
			name = "WhatsApp CloneUITests";
			productName = "WhatsApp CloneUITests";
			productReference = F3682E642C2E936B00616EC1 /* WhatsApp CloneUITests.xctest */;
			productType = "com.apple.product-type.bundle.ui-testing";
		};
/* End PBXNativeTarget section */

/* Begin PBXProject section */
		F3682E422C2E936800616EC1 /* Project object */ = {
			isa = PBXProject;
			attributes = {
				BuildIndependentTargetsInParallel = 1;
				LastSwiftUpdateCheck = 1540;
				LastUpgradeCheck = 1540;
				TargetAttributes = {
					F3682E492C2E936800616EC1 = {
						CreatedOnToolsVersion = 15.4;
					};
					F3682E592C2E936B00616EC1 = {
						CreatedOnToolsVersion = 15.4;
						TestTargetID = F3682E492C2E936800616EC1;
					};
					F3682E632C2E936B00616EC1 = {
						CreatedOnToolsVersion = 15.4;
						TestTargetID = F3682E492C2E936800616EC1;
					};
				};
			};
			buildConfigurationList = F3682E452C2E936800616EC1 /* Build configuration list for PBXProject "WhatsApp Clone" */;
			compatibilityVersion = "Xcode 14.0";
			developmentRegion = en;
			hasScannedForEncodings = 0;
			knownRegions = (
				en,
				Base,
			);
			mainGroup = F3682E412C2E936800616EC1;
			productRefGroup = F3682E4B2C2E936800616EC1 /* Products */;
			projectDirPath = "";
			projectRoot = "";
			targets = (
				F3682E492C2E936800616EC1 /* WhatsApp Clone */,
				F3682E592C2E936B00616EC1 /* WhatsApp CloneTests */,
				F3682E632C2E936B00616EC1 /* WhatsApp CloneUITests */,
			);
		};
/* End PBXProject section */

/* Begin PBXResourcesBuildPhase section */
		F3682E482C2E936800616EC1 /* Resources */ = {
			isa = PBXResourcesBuildPhase;
			buildActionMask = 2147483647;
			files = (
				F3682E552C2E936A00616EC1 /* Preview Assets.xcassets in Resources */,
				F3682E522C2E936A00616EC1 /* Assets.xcassets in Resources */,
			);
			runOnlyForDeploymentPostprocessing = 0;
		};
		F3682E582C2E936B00616EC1 /* Resources */ = {
			isa = PBXResourcesBuildPhase;
			buildActionMask = 2147483647;
			files = (
			);
			runOnlyForDeploymentPostprocessing = 0;
		};
		F3682E622C2E936B00616EC1 /* Resources */ = {
			isa = PBXResourcesBuildPhase;
			buildActionMask = 2147483647;
			files = (
			);
			runOnlyForDeploymentPostprocessing = 0;
		};
/* End PBXResourcesBuildPhase section */

/* Begin PBXSourcesBuildPhase section */
		F3682E462C2E936800616EC1 /* Sources */ = {
			isa = PBXSourcesBuildPhase;
			buildActionMask = 2147483647;
			files = (
				F3682E502C2E936800616EC1 /* ContentView.swift in Sources */,
				F3682E4E2C2E936800616EC1 /* WhatsApp_CloneApp.swift in Sources */,
			);
			runOnlyForDeploymentPostprocessing = 0;
		};
		F3682E562C2E936B00616EC1 /* Sources */ = {
			isa = PBXSourcesBuildPhase;
			buildActionMask = 2147483647;
			files = (
				F3682E5F2C2E936B00616EC1 /* WhatsApp_CloneTests.swift in Sources */,
			);
			runOnlyForDeploymentPostprocessing = 0;
		};
		F3682E602C2E936B00616EC1 /* Sources */ = {
			isa = PBXSourcesBuildPhase;
			buildActionMask = 2147483647;
			files = (
				F3682E6B2C2E936B00616EC1 /* WhatsApp_CloneUITestsLaunchTests.swift in Sources */,
				F3682E692C2E936B00616EC1 /* WhatsApp_CloneUITests.swift in Sources */,
			);
			runOnlyForDeploymentPostprocessing = 0;
		};
/* End PBXSourcesBuildPhase section */

/* Begin PBXTargetDependency section */
		F3682E5C2C2E936B00616EC1 /* PBXTargetDependency */ = {
			isa = PBXTargetDependency;
			target = F3682E492C2E936800616EC1 /* WhatsApp Clone */;
			targetProxy = F3682E5B2C2E936B00616EC1 /* PBXContainerItemProxy */;
		};
		F3682E662C2E936B00616EC1 /* PBXTargetDependency */ = {
			isa = PBXTargetDependency;
			target = F3682E492C2E936800616EC1 /* WhatsApp Clone */;
			targetProxy = F3682E652C2E936B00616EC1 /* PBXContainerItemProxy */;
		};
/* End PBXTargetDependency section */

/* Begin XCBuildConfiguration section */
		F3682E6C2C2E936B00616EC1 /* Debug */ = {
			isa = XCBuildConfiguration;
			buildSettings = {
				ALWAYS_SEARCH_USER_PATHS = NO;
				ASSETCATALOG_COMPILER_GENERATE_SWIFT_ASSET_SYMBOL_EXTENSIONS = YES;
				CLANG_ANALYZER_NONNULL = YES;
				CLANG_ANALYZER_NUMBER_OBJECT_CONVERSION = YES_AGGRESSIVE;
				CLANG_CXX_LANGUAGE_STANDARD = "gnu++20";
				CLANG_ENABLE_MODULES = YES;
				CLANG_ENABLE_OBJC_ARC = YES;
				CLANG_ENABLE_OBJC_WEAK = YES;
				CLANG_WARN_BLOCK_CAPTURE_AUTORELEASING = YES;
				CLANG_WARN_BOOL_CONVERSION = YES;
				CLANG_WARN_COMMA = YES;
				CLANG_WARN_CONSTANT_CONVERSION = YES;
				CLANG_WARN_DEPRECATED_OBJC_IMPLEMENTATIONS = YES;
				CLANG_WARN_DIRECT_OBJC_ISA_USAGE = YES_ERROR;
				CLANG_WARN_DOCUMENTATION_COMMENTS = YES;
				CLANG_WARN_EMPTY_BODY = YES;
				CLANG_WARN_ENUM_CONVERSION = YES;
				CLANG_WARN_INFINITE_RECURSION = YES;
				CLANG_WARN_INT_CONVERSION = YES;
				CLANG_WARN_NON_LITERAL_NULL_CONVERSION = YES;
				CLANG_WARN_OBJC_IMPLICIT_RETAIN_SELF = YES;
				CLANG_WARN_OBJC_LITERAL_CONVERSION = YES;
				CLANG_WARN_OBJC_ROOT_CLASS = YES_ERROR;
				CLANG_WARN_QUOTED_INCLUDE_IN_FRAMEWORK_HEADER = YES;
				CLANG_WARN_RANGE_LOOP_ANALYSIS = YES;
				CLANG_WARN_STRICT_PROTOTYPES = YES;
				CLANG_WARN_SUSPICIOUS_MOVE = YES;
				CLANG_WARN_UNGUARDED_AVAILABILITY = YES_AGGRESSIVE;
				CLANG_WARN_UNREACHABLE_CODE = YES;
				CLANG_WARN__DUPLICATE_METHOD_MATCH = YES;
				COPY_PHASE_STRIP = NO;
				DEBUG_INFORMATION_FORMAT = dwarf;
				ENABLE_STRICT_OBJC_MSGSEND = YES;
				ENABLE_TESTABILITY = YES;
				ENABLE_USER_SCRIPT_SANDBOXING = YES;
				GCC_C_LANGUAGE_STANDARD = gnu17;
				GCC_DYNAMIC_NO_PIC = NO;
				GCC_NO_COMMON_BLOCKS = YES;
				GCC_OPTIMIZATION_LEVEL = 0;
				GCC_PREPROCESSOR_DEFINITIONS = (
					"DEBUG=1",
					"$(inherited)",
				);
				GCC_WARN_64_TO_32_BIT_CONVERSION = YES;
				GCC_WARN_ABOUT_RETURN_TYPE = YES_ERROR;
				GCC_WARN_UNDECLARED_SELECTOR = YES;
				GCC_WARN_UNINITIALIZED_AUTOS = YES_AGGRESSIVE;
				GCC_WARN_UNUSED_FUNCTION = YES;
				GCC_WARN_UNUSED_VARIABLE = YES;
				IPHONEOS_DEPLOYMENT_TARGET = 17.5;
				LOCALIZATION_PREFERS_STRING_CATALOGS = YES;
				MTL_ENABLE_DEBUG_INFO = INCLUDE_SOURCE;
				MTL_FAST_MATH = YES;
				ONLY_ACTIVE_ARCH = YES;
				SDKROOT = iphoneos;
				SWIFT_ACTIVE_COMPILATION_CONDITIONS = "DEBUG $(inherited)";
				SWIFT_OPTIMIZATION_LEVEL = "-Onone";
			};
			name = Debug;
		};
		F3682E6D2C2E936B00616EC1 /* Release */ = {
			isa = XCBuildConfiguration;
			buildSettings = {
				ALWAYS_SEARCH_USER_PATHS = NO;
				ASSETCATALOG_COMPILER_GENERATE_SWIFT_ASSET_SYMBOL_EXTENSIONS = YES;
				CLANG_ANALYZER_NONNULL = YES;
				CLANG_ANALYZER_NUMBER_OBJECT_CONVERSION = YES_AGGRESSIVE;
				CLANG_CXX_LANGUAGE_STANDARD = "gnu++20";
				CLANG_ENABLE_MODULES = YES;
				CLANG_ENABLE_OBJC_ARC = YES;
				CLANG_ENABLE_OBJC_WEAK = YES;
				CLANG_WARN_BLOCK_CAPTURE_AUTORELEASING = YES;
				CLANG_WARN_BOOL_CONVERSION = YES;
				CLANG_WARN_COMMA = YES;
				CLANG_WARN_CONSTANT_CONVERSION = YES;
				CLANG_WARN_DEPRECATED_OBJC_IMPLEMENTATIONS = YES;
				CLANG_WARN_DIRECT_OBJC_ISA_USAGE = YES_ERROR;
				CLANG_WARN_DOCUMENTATION_COMMENTS = YES;
				CLANG_WARN_EMPTY_BODY = YES;
				CLANG_WARN_ENUM_CONVERSION = YES;
				CLANG_WARN_INFINITE_RECURSION = YES;
				CLANG_WARN_INT_CONVERSION = YES;
				CLANG_WARN_NON_LITERAL_NULL_CONVERSION = YES;
				CLANG_WARN_OBJC_IMPLICIT_RETAIN_SELF = YES;
				CLANG_WARN_OBJC_LITERAL_CONVERSION = YES;
				CLANG_WARN_OBJC_ROOT_CLASS = YES_ERROR;
				CLANG_WARN_QUOTED_INCLUDE_IN_FRAMEWORK_HEADER = YES;
				CLANG_WARN_RANGE_LOOP_ANALYSIS = YES;
				CLANG_WARN_STRICT_PROTOTYPES = YES;
				CLANG_WARN_SUSPICIOUS_MOVE = YES;
				CLANG_WARN_UNGUARDED_AVAILABILITY = YES_AGGRESSIVE;
				CLANG_WARN_UNREACHABLE_CODE = YES;
				CLANG_WARN__DUPLICATE_METHOD_MATCH = YES;
				COPY_PHASE_STRIP = NO;
				DEBUG_INFORMATION_FORMAT = "dwarf-with-dsym";
				ENABLE_NS_ASSERTIONS = NO;
				ENABLE_STRICT_OBJC_MSGSEND = YES;
				ENABLE_USER_SCRIPT_SANDBOXING = YES;
				GCC_C_LANGUAGE_STANDARD = gnu17;
				GCC_NO_COMMON_BLOCKS = YES;
				GCC_WARN_64_TO_32_BIT_CONVERSION = YES;
				GCC_WARN_ABOUT_RETURN_TYPE = YES_ERROR;
				GCC_WARN_UNDECLARED_SELECTOR = YES;
				GCC_WARN_UNINITIALIZED_AUTOS = YES_AGGRESSIVE;
				GCC_WARN_UNUSED_FUNCTION = YES;
				GCC_WARN_UNUSED_VARIABLE = YES;
				IPHONEOS_DEPLOYMENT_TARGET = 17.5;
				LOCALIZATION_PREFERS_STRING_CATALOGS = YES;
				MTL_ENABLE_DEBUG_INFO = NO;
				MTL_FAST_MATH = YES;
				SDKROOT = iphoneos;
				SWIFT_COMPILATION_MODE = wholemodule;
				VALIDATE_PRODUCT = YES;
			};
			name = Release;
		};
		F3682E6F2C2E936B00616EC1 /* Debug */ = {
			isa = XCBuildConfiguration;
			buildSettings = {
				ASSETCATALOG_COMPILER_APPICON_NAME = AppIcon;
				ASSETCATALOG_COMPILER_GLOBAL_ACCENT_COLOR_NAME = AccentColor;
				CODE_SIGN_STYLE = Automatic;
				CURRENT_PROJECT_VERSION = 1;
				DEVELOPMENT_ASSET_PATHS = "\"WhatsApp Clone/Preview Content\"";
				DEVELOPMENT_TEAM = RJC4MPJ9ZS;
				ENABLE_PREVIEWS = YES;
				GENERATE_INFOPLIST_FILE = YES;
				INFOPLIST_KEY_UIApplicationSceneManifest_Generation = YES;
				INFOPLIST_KEY_UIApplicationSupportsIndirectInputEvents = YES;
				INFOPLIST_KEY_UILaunchScreen_Generation = YES;
				INFOPLIST_KEY_UISupportedInterfaceOrientations_iPad = "UIInterfaceOrientationPortrait UIInterfaceOrientationPortraitUpsideDown UIInterfaceOrientationLandscapeLeft UIInterfaceOrientationLandscapeRight";
				INFOPLIST_KEY_UISupportedInterfaceOrientations_iPhone = "UIInterfaceOrientationPortrait UIInterfaceOrientationLandscapeLeft UIInterfaceOrientationLandscapeRight";
				LD_RUNPATH_SEARCH_PATHS = (
					"$(inherited)",
					"@executable_path/Frameworks",
				);
				MARKETING_VERSION = 1.0;
				PRODUCT_BUNDLE_IDENTIFIER = "DeepamDhakal.WhatsApp-Clone";
				PRODUCT_NAME = "$(TARGET_NAME)";
				SWIFT_EMIT_LOC_STRINGS = YES;
				SWIFT_VERSION = 5.0;
				TARGETED_DEVICE_FAMILY = "1,2";
			};
			name = Debug;
		};
		F3682E702C2E936B00616EC1 /* Release */ = {
			isa = XCBuildConfiguration;
			buildSettings = {
				ASSETCATALOG_COMPILER_APPICON_NAME = AppIcon;
				ASSETCATALOG_COMPILER_GLOBAL_ACCENT_COLOR_NAME = AccentColor;
				CODE_SIGN_STYLE = Automatic;
				CURRENT_PROJECT_VERSION = 1;
				DEVELOPMENT_ASSET_PATHS = "\"WhatsApp Clone/Preview Content\"";
				DEVELOPMENT_TEAM = RJC4MPJ9ZS;
				ENABLE_PREVIEWS = YES;
				GENERATE_INFOPLIST_FILE = YES;
				INFOPLIST_KEY_UIApplicationSceneManifest_Generation = YES;
				INFOPLIST_KEY_UIApplicationSupportsIndirectInputEvents = YES;
				INFOPLIST_KEY_UILaunchScreen_Generation = YES;
				INFOPLIST_KEY_UISupportedInterfaceOrientations_iPad = "UIInterfaceOrientationPortrait UIInterfaceOrientationPortraitUpsideDown UIInterfaceOrientationLandscapeLeft UIInterfaceOrientationLandscapeRight";
				INFOPLIST_KEY_UISupportedInterfaceOrientations_iPhone = "UIInterfaceOrientationPortrait UIInterfaceOrientationLandscapeLeft UIInterfaceOrientationLandscapeRight";
				LD_RUNPATH_SEARCH_PATHS = (
					"$(inherited)",
					"@executable_path/Frameworks",
				);
				MARKETING_VERSION = 1.0;
				PRODUCT_BUNDLE_IDENTIFIER = "DeepamDhakal.WhatsApp-Clone";
				PRODUCT_NAME = "$(TARGET_NAME)";
				SWIFT_EMIT_LOC_STRINGS = YES;
				SWIFT_VERSION = 5.0;
				TARGETED_DEVICE_FAMILY = "1,2";
			};
			name = Release;
		};
		F3682E722C2E936B00616EC1 /* Debug */ = {
			isa = XCBuildConfiguration;
			buildSettings = {
				ALWAYS_EMBED_SWIFT_STANDARD_LIBRARIES = YES;
				BUNDLE_LOADER = "$(TEST_HOST)";
				CODE_SIGN_STYLE = Automatic;
				CURRENT_PROJECT_VERSION = 1;
				DEVELOPMENT_TEAM = RJC4MPJ9ZS;
				GENERATE_INFOPLIST_FILE = YES;
				IPHONEOS_DEPLOYMENT_TARGET = 17.5;
				MARKETING_VERSION = 1.0;
				PRODUCT_BUNDLE_IDENTIFIER = "DeepamDhakal.WhatsApp-CloneTests";
				PRODUCT_NAME = "$(TARGET_NAME)";
				SWIFT_EMIT_LOC_STRINGS = NO;
				SWIFT_VERSION = 5.0;
				TARGETED_DEVICE_FAMILY = "1,2";
				TEST_HOST = "$(BUILT_PRODUCTS_DIR)/WhatsApp Clone.app/$(BUNDLE_EXECUTABLE_FOLDER_PATH)/WhatsApp Clone";
			};
			name = Debug;
		};
		F3682E732C2E936B00616EC1 /* Release */ = {
			isa = XCBuildConfiguration;
			buildSettings = {
				ALWAYS_EMBED_SWIFT_STANDARD_LIBRARIES = YES;
				BUNDLE_LOADER = "$(TEST_HOST)";
				CODE_SIGN_STYLE = Automatic;
				CURRENT_PROJECT_VERSION = 1;
				DEVELOPMENT_TEAM = RJC4MPJ9ZS;
				GENERATE_INFOPLIST_FILE = YES;
				IPHONEOS_DEPLOYMENT_TARGET = 17.5;
				MARKETING_VERSION = 1.0;
				PRODUCT_BUNDLE_IDENTIFIER = "DeepamDhakal.WhatsApp-CloneTests";
				PRODUCT_NAME = "$(TARGET_NAME)";
				SWIFT_EMIT_LOC_STRINGS = NO;
				SWIFT_VERSION = 5.0;
				TARGETED_DEVICE_FAMILY = "1,2";
				TEST_HOST = "$(BUILT_PRODUCTS_DIR)/WhatsApp Clone.app/$(BUNDLE_EXECUTABLE_FOLDER_PATH)/WhatsApp Clone";
			};
			name = Release;
		};
		F3682E752C2E936B00616EC1 /* Debug */ = {
			isa = XCBuildConfiguration;
			buildSettings = {
				ALWAYS_EMBED_SWIFT_STANDARD_LIBRARIES = YES;
				CODE_SIGN_STYLE = Automatic;
				CURRENT_PROJECT_VERSION = 1;
				DEVELOPMENT_TEAM = RJC4MPJ9ZS;
				GENERATE_INFOPLIST_FILE = YES;
				MARKETING_VERSION = 1.0;
				PRODUCT_BUNDLE_IDENTIFIER = "DeepamDhakal.WhatsApp-CloneUITests";
				PRODUCT_NAME = "$(TARGET_NAME)";
				SWIFT_EMIT_LOC_STRINGS = NO;
				SWIFT_VERSION = 5.0;
				TARGETED_DEVICE_FAMILY = "1,2";
				TEST_TARGET_NAME = "WhatsApp Clone";
			};
			name = Debug;
		};
		F3682E762C2E936B00616EC1 /* Release */ = {
			isa = XCBuildConfiguration;
			buildSettings = {
				ALWAYS_EMBED_SWIFT_STANDARD_LIBRARIES = YES;
				CODE_SIGN_STYLE = Automatic;
				CURRENT_PROJECT_VERSION = 1;
				DEVELOPMENT_TEAM = RJC4MPJ9ZS;
				GENERATE_INFOPLIST_FILE = YES;
				MARKETING_VERSION = 1.0;
				PRODUCT_BUNDLE_IDENTIFIER = "DeepamDhakal.WhatsApp-CloneUITests";
				PRODUCT_NAME = "$(TARGET_NAME)";
				SWIFT_EMIT_LOC_STRINGS = NO;
				SWIFT_VERSION = 5.0;
				TARGETED_DEVICE_FAMILY = "1,2";
				TEST_TARGET_NAME = "WhatsApp Clone";
			};
			name = Release;
		};
/* End XCBuildConfiguration section */

/* Begin XCConfigurationList section */
		F3682E452C2E936800616EC1 /* Build configuration list for PBXProject "WhatsApp Clone" */ = {
			isa = XCConfigurationList;
			buildConfigurations = (
				F3682E6C2C2E936B00616EC1 /* Debug */,
				F3682E6D2C2E936B00616EC1 /* Release */,
			);
			defaultConfigurationIsVisible = 0;
			defaultConfigurationName = Release;
		};
		F3682E6E2C2E936B00616EC1 /* Build configuration list for PBXNativeTarget "WhatsApp Clone" */ = {
			isa = XCConfigurationList;
			buildConfigurations = (
				F3682E6F2C2E936B00616EC1 /* Debug */,
				F3682E702C2E936B00616EC1 /* Release */,
			);
			defaultConfigurationIsVisible = 0;
			defaultConfigurationName = Release;
		};
		F3682E712C2E936B00616EC1 /* Build configuration list for PBXNativeTarget "WhatsApp CloneTests" */ = {
			isa = XCConfigurationList;
			buildConfigurations = (
				F3682E722C2E936B00616EC1 /* Debug */,
				F3682E732C2E936B00616EC1 /* Release */,
			);
			defaultConfigurationIsVisible = 0;
			defaultConfigurationName = Release;
		};
		F3682E742C2E936B00616EC1 /* Build configuration list for PBXNativeTarget "WhatsApp CloneUITests" */ = {
			isa = XCConfigurationList;
			buildConfigurations = (
				F3682E752C2E936B00616EC1 /* Debug */,
				F3682E762C2E936B00616EC1 /* Release */,
			);
			defaultConfigurationIsVisible = 0;
			defaultConfigurationName = Release;
		};
/* End XCConfigurationList section */
	};
	rootObject = F3682E422C2E936800616EC1 /* Project object */;
}
